
Microsoft Visual Studio Solution File, Format Version 12.00
# Visual Studio Version 16
VisualStudioVersion = 16.0.30114.105
MinimumVisualStudioVersion = 10.0.40219.1
Project("{9A19103F-16F7-4668-BE54-9A1E7A4F7556}") = "SearchInFileCSV", "SearchInFileCSV\SearchInFileCSV.csproj", "{0AE7458E-BA6B-463B-85CF-A1E84B457B6B}"
EndProject
Project("{9A19103F-16F7-4668-BE54-9A1E7A4F7556}") = "SearchInFileCSVLibrary", "SearchInFileCSVLibrary\SearchInFileCSVLibrary.csproj", "{B6326C63-D824-40BA-8986-BD5E9BECA164}"
EndProject
Project("{9A19103F-16F7-4668-BE54-9A1E7A4F7556}") = "DataTableCreateLibrary", "TestTableDataCreateLibrary\DataTableCreateLibrary.csproj", "{C6AB84C2-52E1-4797-9A06-431D4CF350C7}"
EndProject
Project("{2150E333-8FDC-42A3-9474-1A3956D46DE8}") = "Solution Items", "Solution Items", "{C7756C85-7AC7-4648-804F-7AACF4464309}"
	ProjectSection(SolutionItems) = preProject
		.editorconfig = .editorconfig
	EndProjectSection
EndProject
Project("{9A19103F-16F7-4668-BE54-9A1E7A4F7556}") = "ResourceLibrary", "ResourceLibrary\ResourceLibrary.csproj", "{44E79AE0-C0AC-4D33-A61A-FF27E5E20886}"
EndProject
Project("{2150E333-8FDC-42A3-9474-1A3956D46DE8}") = "Test", "Test", "{BDD8956E-4CA9-4A1F-8AC5-874CC5EC2455}"
EndProject
Project("{FAE04EC0-301F-11D3-BF4B-00C04F79EFBC}") = "SearchInFileCSV.Tests", "SearchInFileCSV.Tests\SearchInFileCSV.Tests.csproj", "{C65DC5BF-9D1F-4EE7-9A33-AA3F912AE1D9}"
EndProject
Global
	GlobalSection(SolutionConfigurationPlatforms) = preSolution
		Debug|Any CPU = Debug|Any CPU
		Release|Any CPU = Release|Any CPU
	EndGlobalSection
	GlobalSection(ProjectConfigurationPlatforms) = postSolution
		{0AE7458E-BA6B-463B-85CF-A1E84B457B6B}.Debug|Any CPU.ActiveCfg = Debug|Any CPU
		{0AE7458E-BA6B-463B-85CF-A1E84B457B6B}.Debug|Any CPU.Build.0 = Debug|Any CPU
		{0AE7458E-BA6B-463B-85CF-A1E84B457B6B}.Release|Any CPU.ActiveCfg = Release|Any CPU
		{0AE7458E-BA6B-463B-85CF-A1E84B457B6B}.Release|Any CPU.Build.0 = Release|Any CPU
		{B6326C63-D824-40BA-8986-BD5E9BECA164}.Debug|Any CPU.ActiveCfg = Debug|Any CPU
		{B6326C63-D824-40BA-8986-BD5E9BECA164}.Debug|Any CPU.Build.0 = Debug|Any CPU
		{B6326C63-D824-40BA-8986-BD5E9BECA164}.Release|Any CPU.ActiveCfg = Release|Any CPU
		{B6326C63-D824-40BA-8986-BD5E9BECA164}.Release|Any CPU.Build.0 = Release|Any CPU
		{C6AB84C2-52E1-4797-9A06-431D4CF350C7}.Debug|Any CPU.ActiveCfg = Debug|Any CPU
		{C6AB84C2-52E1-4797-9A06-431D4CF350C7}.Debug|Any CPU.Build.0 = Debug|Any CPU
		{C6AB84C2-52E1-4797-9A06-431D4CF350C7}.Release|Any CPU.ActiveCfg = Release|Any CPU
		{C6AB84C2-52E1-4797-9A06-431D4CF350C7}.Release|Any CPU.Build.0 = Release|Any CPU
		{44E79AE0-C0AC-4D33-A61A-FF27E5E20886}.Debug|Any CPU.ActiveCfg = Debug|Any CPU
		{44E79AE0-C0AC-4D33-A61A-FF27E5E20886}.Debug|Any CPU.Build.0 = Debug|Any CPU
		{44E79AE0-C0AC-4D33-A61A-FF27E5E20886}.Release|Any CPU.ActiveCfg = Release|Any CPU
		{44E79AE0-C0AC-4D33-A61A-FF27E5E20886}.Release|Any CPU.Build.0 = Release|Any CPU
		{C65DC5BF-9D1F-4EE7-9A33-AA3F912AE1D9}.Debug|Any CPU.ActiveCfg = Debug|Any CPU
		{C65DC5BF-9D1F-4EE7-9A33-AA3F912AE1D9}.Debug|Any CPU.Build.0 = Debug|Any CPU
		{C65DC5BF-9D1F-4EE7-9A33-AA3F912AE1D9}.Release|Any CPU.ActiveCfg = Release|Any CPU
		{C65DC5BF-9D1F-4EE7-9A33-AA3F912AE1D9}.Release|Any CPU.Build.0 = Release|Any CPU
	EndGlobalSection
	GlobalSection(SolutionProperties) = preSolution
		HideSolutionNode = FALSE
	EndGlobalSection
	GlobalSection(NestedProjects) = preSolution
		{C65DC5BF-9D1F-4EE7-9A33-AA3F912AE1D9} = {BDD8956E-4CA9-4A1F-8AC5-874CC5EC2455}
	EndGlobalSection
	GlobalSection(ExtensibilityGlobals) = postSolution
		SolutionGuid = {B953188B-0AB5-4238-8819-5B5ECC2D32FC}
	EndGlobalSection
EndGlobal
